// !$*UTF8*$!
{
	archiveVersion = 1;
	classes = {
	};
	objectVersion = 55;
	objects = {

/* Begin PBXBuildFile section */
		DF18FEAB27EB783200ECCB1A /* PokedexApp.swift in Sources */ = {isa = PBXBuildFile; fileRef = DF18FEAA27EB783200ECCB1A /* PokedexApp.swift */; };
		DF18FEAD27EB783200ECCB1A /* ContentView.swift in Sources */ = {isa = PBXBuildFile; fileRef = DF18FEAC27EB783200ECCB1A /* ContentView.swift */; };
		DF18FEAF27EB783500ECCB1A /* Assets.xcassets in Resources */ = {isa = PBXBuildFile; fileRef = DF18FEAE27EB783500ECCB1A /* Assets.xcassets */; };
		DF18FEB227EB783500ECCB1A /* Preview Assets.xcassets in Resources */ = {isa = PBXBuildFile; fileRef = DF18FEB127EB783500ECCB1A /* Preview Assets.xcassets */; };
		DF18FEBC27EB783500ECCB1A /* PokedexTests.swift in Sources */ = {isa = PBXBuildFile; fileRef = DF18FEBB27EB783500ECCB1A /* PokedexTests.swift */; };
		DF18FEC627EB783500ECCB1A /* PokedexUITests.swift in Sources */ = {isa = PBXBuildFile; fileRef = DF18FEC527EB783500ECCB1A /* PokedexUITests.swift */; };
		DF18FEC827EB783500ECCB1A /* PokedexUITestsLaunchTests.swift in Sources */ = {isa = PBXBuildFile; fileRef = DF18FEC727EB783500ECCB1A /* PokedexUITestsLaunchTests.swift */; };
		DF18FED527EB889B00ECCB1A /* Models.swift in Sources */ = {isa = PBXBuildFile; fileRef = DF18FED427EB889B00ECCB1A /* Models.swift */; };
		DF18FED727EBA3CD00ECCB1A /* Services.swift in Sources */ = {isa = PBXBuildFile; fileRef = DF18FED627EBA3CD00ECCB1A /* Services.swift */; };
		DF18FED927ED19CA00ECCB1A /* Repository.swift in Sources */ = {isa = PBXBuildFile; fileRef = DF18FED827ED19C900ECCB1A /* Repository.swift */; };
		DF18FEDB27EE483200ECCB1A /* Helpers.swift in Sources */ = {isa = PBXBuildFile; fileRef = DF18FEDA27EE483200ECCB1A /* Helpers.swift */; };
		DF18FEDD27F38ADB00ECCB1A /* Image+Trim.swift in Sources */ = {isa = PBXBuildFile; fileRef = DF18FEDC27F38ADA00ECCB1A /* Image+Trim.swift */; };
		DFCD4B9F27FB2F600035F005 /* PokemonCell.swift in Sources */ = {isa = PBXBuildFile; fileRef = DFCD4B9E27FB2F600035F005 /* PokemonCell.swift */; };
/* End PBXBuildFile section */

/* Begin PBXContainerItemProxy section */
		DF18FEB827EB783500ECCB1A /* PBXContainerItemProxy */ = {
			isa = PBXContainerItemProxy;
			containerPortal = DF18FE9F27EB783100ECCB1A /* Project object */;
			proxyType = 1;
			remoteGlobalIDString = DF18FEA627EB783200ECCB1A;
			remoteInfo = Pokedex;
		};
		DF18FEC227EB783500ECCB1A /* PBXContainerItemProxy */ = {
			isa = PBXContainerItemProxy;
			containerPortal = DF18FE9F27EB783100ECCB1A /* Project object */;
			proxyType = 1;
			remoteGlobalIDString = DF18FEA627EB783200ECCB1A;
			remoteInfo = Pokedex;
		};
/* End PBXContainerItemProxy section */

/* Begin PBXFileReference section */
		DF18FEA727EB783200ECCB1A /* Pokedex.app */ = {isa = PBXFileReference; explicitFileType = wrapper.application; includeInIndex = 0; path = Pokedex.app; sourceTree = BUILT_PRODUCTS_DIR; };
		DF18FEAA27EB783200ECCB1A /* PokedexApp.swift */ = {isa = PBXFileReference; lastKnownFileType = sourcecode.swift; path = PokedexApp.swift; sourceTree = "<group>"; };
		DF18FEAC27EB783200ECCB1A /* ContentView.swift */ = {isa = PBXFileReference; lastKnownFileType = sourcecode.swift; path = ContentView.swift; sourceTree = "<group>"; };
		DF18FEAE27EB783500ECCB1A /* Assets.xcassets */ = {isa = PBXFileReference; lastKnownFileType = folder.assetcatalog; path = Assets.xcassets; sourceTree = "<group>"; };
		DF18FEB127EB783500ECCB1A /* Preview Assets.xcassets */ = {isa = PBXFileReference; lastKnownFileType = folder.assetcatalog; path = "Preview Assets.xcassets"; sourceTree = "<group>"; };
		DF18FEB727EB783500ECCB1A /* PokedexTests.xctest */ = {isa = PBXFileReference; explicitFileType = wrapper.cfbundle; includeInIndex = 0; path = PokedexTests.xctest; sourceTree = BUILT_PRODUCTS_DIR; };
		DF18FEBB27EB783500ECCB1A /* PokedexTests.swift */ = {isa = PBXFileReference; lastKnownFileType = sourcecode.swift; path = PokedexTests.swift; sourceTree = "<group>"; };
		DF18FEC127EB783500ECCB1A /* PokedexUITests.xctest */ = {isa = PBXFileReference; explicitFileType = wrapper.cfbundle; includeInIndex = 0; path = PokedexUITests.xctest; sourceTree = BUILT_PRODUCTS_DIR; };
		DF18FEC527EB783500ECCB1A /* PokedexUITests.swift */ = {isa = PBXFileReference; lastKnownFileType = sourcecode.swift; path = PokedexUITests.swift; sourceTree = "<group>"; };
		DF18FEC727EB783500ECCB1A /* PokedexUITestsLaunchTests.swift */ = {isa = PBXFileReference; lastKnownFileType = sourcecode.swift; path = PokedexUITestsLaunchTests.swift; sourceTree = "<group>"; };
		DF18FED427EB889B00ECCB1A /* Models.swift */ = {isa = PBXFileReference; lastKnownFileType = sourcecode.swift; path = Models.swift; sourceTree = "<group>"; };
		DF18FED627EBA3CD00ECCB1A /* Services.swift */ = {isa = PBXFileReference; lastKnownFileType = sourcecode.swift; path = Services.swift; sourceTree = "<group>"; };
		DF18FED827ED19C900ECCB1A /* Repository.swift */ = {isa = PBXFileReference; lastKnownFileType = sourcecode.swift; path = Repository.swift; sourceTree = "<group>"; };
		DF18FEDA27EE483200ECCB1A /* Helpers.swift */ = {isa = PBXFileReference; lastKnownFileType = sourcecode.swift; path = Helpers.swift; sourceTree = "<group>"; };
		DF18FEDC27F38ADA00ECCB1A /* Image+Trim.swift */ = {isa = PBXFileReference; lastKnownFileType = sourcecode.swift; path = "Image+Trim.swift"; sourceTree = "<group>"; };
		DFCD4B9E27FB2F600035F005 /* PokemonCell.swift */ = {isa = PBXFileReference; lastKnownFileType = sourcecode.swift; path = PokemonCell.swift; sourceTree = "<group>"; };
/* End PBXFileReference section */

/* Begin PBXFrameworksBuildPhase section */
		DF18FEA427EB783200ECCB1A /* Frameworks */ = {
			isa = PBXFrameworksBuildPhase;
			buildActionMask = 2147483647;
			files = (
			);
			runOnlyForDeploymentPostprocessing = 0;
		};
		DF18FEB427EB783500ECCB1A /* Frameworks */ = {
			isa = PBXFrameworksBuildPhase;
			buildActionMask = 2147483647;
			files = (
			);
			runOnlyForDeploymentPostprocessing = 0;
		};
		DF18FEBE27EB783500ECCB1A /* Frameworks */ = {
			isa = PBXFrameworksBuildPhase;
			buildActionMask = 2147483647;
			files = (
			);
			runOnlyForDeploymentPostprocessing = 0;
		};
/* End PBXFrameworksBuildPhase section */

/* Begin PBXGroup section */
		DF18FE9E27EB783100ECCB1A = {
			isa = PBXGroup;
			children = (
				DF18FEA927EB783200ECCB1A /* Pokedex */,
				DF18FEBA27EB783500ECCB1A /* PokedexTests */,
				DF18FEC427EB783500ECCB1A /* PokedexUITests */,
				DF18FEA827EB783200ECCB1A /* Products */,
			);
			sourceTree = "<group>";
		};
		DF18FEA827EB783200ECCB1A /* Products */ = {
			isa = PBXGroup;
			children = (
				DF18FEA727EB783200ECCB1A /* Pokedex.app */,
				DF18FEB727EB783500ECCB1A /* PokedexTests.xctest */,
				DF18FEC127EB783500ECCB1A /* PokedexUITests.xctest */,
			);
			name = Products;
			sourceTree = "<group>";
		};
		DF18FEA927EB783200ECCB1A /* Pokedex */ = {
			isa = PBXGroup;
			children = (
				DF18FEAA27EB783200ECCB1A /* PokedexApp.swift */,
				DF18FEAC27EB783200ECCB1A /* ContentView.swift */,
				DFCD4B9E27FB2F600035F005 /* PokemonCell.swift */,
				DF18FEDA27EE483200ECCB1A /* Helpers.swift */,
				DF18FEDC27F38ADA00ECCB1A /* Image+Trim.swift */,
				DF18FED427EB889B00ECCB1A /* Models.swift */,
				DF18FED827ED19C900ECCB1A /* Repository.swift */,
				DF18FED627EBA3CD00ECCB1A /* Services.swift */,
				DF18FEAE27EB783500ECCB1A /* Assets.xcassets */,
				DF18FEB027EB783500ECCB1A /* Preview Content */,
			);
			path = Pokedex;
			sourceTree = "<group>";
		};
		DF18FEB027EB783500ECCB1A /* Preview Content */ = {
			isa = PBXGroup;
			children = (
				DF18FEB127EB783500ECCB1A /* Preview Assets.xcassets */,
			);
			path = "Preview Content";
			sourceTree = "<group>";
		};
		DF18FEBA27EB783500ECCB1A /* PokedexTests */ = {
			isa = PBXGroup;
			children = (
				DF18FEBB27EB783500ECCB1A /* PokedexTests.swift */,
			);
			path = PokedexTests;
			sourceTree = "<group>";
		};
		DF18FEC427EB783500ECCB1A /* PokedexUITests */ = {
			isa = PBXGroup;
			children = (
				DF18FEC527EB783500ECCB1A /* PokedexUITests.swift */,
				DF18FEC727EB783500ECCB1A /* PokedexUITestsLaunchTests.swift */,
			);
			path = PokedexUITests;
			sourceTree = "<group>";
		};
/* End PBXGroup section */

/* Begin PBXNativeTarget section */
		DF18FEA627EB783200ECCB1A /* Pokedex */ = {
			isa = PBXNativeTarget;
			buildConfigurationList = DF18FECB27EB783500ECCB1A /* Build configuration list for PBXNativeTarget "Pokedex" */;
			buildPhases = (
				DF18FEA327EB783200ECCB1A /* Sources */,
				DF18FEA427EB783200ECCB1A /* Frameworks */,
				DF18FEA527EB783200ECCB1A /* Resources */,
			);
			buildRules = (
			);
			dependencies = (
			);
			name = Pokedex;
			productName = Pokedex;
			productReference = DF18FEA727EB783200ECCB1A /* Pokedex.app */;
			productType = "com.apple.product-type.application";
		};
		DF18FEB627EB783500ECCB1A /* PokedexTests */ = {
			isa = PBXNativeTarget;
			buildConfigurationList = DF18FECE27EB783500ECCB1A /* Build configuration list for PBXNativeTarget "PokedexTests" */;
			buildPhases = (
				DF18FEB327EB783500ECCB1A /* Sources */,
				DF18FEB427EB783500ECCB1A /* Frameworks */,
				DF18FEB527EB783500ECCB1A /* Resources */,
			);
			buildRules = (
			);
			dependencies = (
				DF18FEB927EB783500ECCB1A /* PBXTargetDependency */,
			);
			name = PokedexTests;
			productName = PokedexTests;
			productReference = DF18FEB727EB783500ECCB1A /* PokedexTests.xctest */;
			productType = "com.apple.product-type.bundle.unit-test";
		};
		DF18FEC027EB783500ECCB1A /* PokedexUITests */ = {
			isa = PBXNativeTarget;
			buildConfigurationList = DF18FED127EB783500ECCB1A /* Build configuration list for PBXNativeTarget "PokedexUITests" */;
			buildPhases = (
				DF18FEBD27EB783500ECCB1A /* Sources */,
				DF18FEBE27EB783500ECCB1A /* Frameworks */,
				DF18FEBF27EB783500ECCB1A /* Resources */,
			);
			buildRules = (
			);
			dependencies = (
				DF18FEC327EB783500ECCB1A /* PBXTargetDependency */,
			);
			name = PokedexUITests;
			productName = PokedexUITests;
			productReference = DF18FEC127EB783500ECCB1A /* PokedexUITests.xctest */;
			productType = "com.apple.product-type.bundle.ui-testing";
		};
/* End PBXNativeTarget section */

/* Begin PBXProject section */
		DF18FE9F27EB783100ECCB1A /* Project object */ = {
			isa = PBXProject;
			attributes = {
				BuildIndependentTargetsInParallel = 1;
				LastSwiftUpdateCheck = 1320;
				LastUpgradeCheck = 1320;
				TargetAttributes = {
					DF18FEA627EB783200ECCB1A = {
						CreatedOnToolsVersion = 13.2.1;
					};
					DF18FEB627EB783500ECCB1A = {
						CreatedOnToolsVersion = 13.2.1;
						TestTargetID = DF18FEA627EB783200ECCB1A;
					};
					DF18FEC027EB783500ECCB1A = {
						CreatedOnToolsVersion = 13.2.1;
						TestTargetID = DF18FEA627EB783200ECCB1A;
					};
				};
			};
			buildConfigurationList = DF18FEA227EB783200ECCB1A /* Build configuration list for PBXProject "Pokedex" */;
			compatibilityVersion = "Xcode 13.0";
			developmentRegion = en;
			hasScannedForEncodings = 0;
			knownRegions = (
				en,
				Base,
			);
			mainGroup = DF18FE9E27EB783100ECCB1A;
			productRefGroup = DF18FEA827EB783200ECCB1A /* Products */;
			projectDirPath = "";
			projectRoot = "";
			targets = (
				DF18FEA627EB783200ECCB1A /* Pokedex */,
				DF18FEB627EB783500ECCB1A /* PokedexTests */,
				DF18FEC027EB783500ECCB1A /* PokedexUITests */,
			);
		};
/* End PBXProject section */

/* Begin PBXResourcesBuildPhase section */
		DF18FEA527EB783200ECCB1A /* Resources */ = {
			isa = PBXResourcesBuildPhase;
			buildActionMask = 2147483647;
			files = (
				DF18FEB227EB783500ECCB1A /* Preview Assets.xcassets in Resources */,
				DF18FEAF27EB783500ECCB1A /* Assets.xcassets in Resources */,
			);
			runOnlyForDeploymentPostprocessing = 0;
		};
		DF18FEB527EB783500ECCB1A /* Resources */ = {
			isa = PBXResourcesBuildPhase;
			buildActionMask = 2147483647;
			files = (
			);
			runOnlyForDeploymentPostprocessing = 0;
		};
		DF18FEBF27EB783500ECCB1A /* Resources */ = {
			isa = PBXResourcesBuildPhase;
			buildActionMask = 2147483647;
			files = (
			);
			runOnlyForDeploymentPostprocessing = 0;
		};
/* End PBXResourcesBuildPhase section */

/* Begin PBXSourcesBuildPhase section */
		DF18FEA327EB783200ECCB1A /* Sources */ = {
			isa = PBXSourcesBuildPhase;
			buildActionMask = 2147483647;
			files = (
				DF18FEDD27F38ADB00ECCB1A /* Image+Trim.swift in Sources */,
				DF18FED527EB889B00ECCB1A /* Models.swift in Sources */,
				DF18FEDB27EE483200ECCB1A /* Helpers.swift in Sources */,
				DF18FED727EBA3CD00ECCB1A /* Services.swift in Sources */,
				DF18FED927ED19CA00ECCB1A /* Repository.swift in Sources */,
				DFCD4B9F27FB2F600035F005 /* PokemonCell.swift in Sources */,
				DF18FEAD27EB783200ECCB1A /* ContentView.swift in Sources */,
				DF18FEAB27EB783200ECCB1A /* PokedexApp.swift in Sources */,
			);
			runOnlyForDeploymentPostprocessing = 0;
		};
		DF18FEB327EB783500ECCB1A /* Sources */ = {
			isa = PBXSourcesBuildPhase;
			buildActionMask = 2147483647;
			files = (
				DF18FEBC27EB783500ECCB1A /* PokedexTests.swift in Sources */,
			);
			runOnlyForDeploymentPostprocessing = 0;
		};
		DF18FEBD27EB783500ECCB1A /* Sources */ = {
			isa = PBXSourcesBuildPhase;
			buildActionMask = 2147483647;
			files = (
				DF18FEC627EB783500ECCB1A /* PokedexUITests.swift in Sources */,
				DF18FEC827EB783500ECCB1A /* PokedexUITestsLaunchTests.swift in Sources */,
			);
			runOnlyForDeploymentPostprocessing = 0;
		};
/* End PBXSourcesBuildPhase section */

/* Begin PBXTargetDependency section */
		DF18FEB927EB783500ECCB1A /* PBXTargetDependency */ = {
			isa = PBXTargetDependency;
			target = DF18FEA627EB783200ECCB1A /* Pokedex */;
			targetProxy = DF18FEB827EB783500ECCB1A /* PBXContainerItemProxy */;
		};
		DF18FEC327EB783500ECCB1A /* PBXTargetDependency */ = {
			isa = PBXTargetDependency;
			target = DF18FEA627EB783200ECCB1A /* Pokedex */;
			targetProxy = DF18FEC227EB783500ECCB1A /* PBXContainerItemProxy */;
		};
/* End PBXTargetDependency section */

/* Begin XCBuildConfiguration section */
		DF18FEC927EB783500ECCB1A /* Debug */ = {
			isa = XCBuildConfiguration;
			buildSettings = {
				ALWAYS_SEARCH_USER_PATHS = NO;
				CLANG_ANALYZER_NONNULL = YES;
				CLANG_ANALYZER_NUMBER_OBJECT_CONVERSION = YES_AGGRESSIVE;
				CLANG_CXX_LANGUAGE_STANDARD = "gnu++17";
				CLANG_CXX_LIBRARY = "libc++";
				CLANG_ENABLE_MODULES = YES;
				CLANG_ENABLE_OBJC_ARC = YES;
				CLANG_ENABLE_OBJC_WEAK = YES;
				CLANG_WARN_BLOCK_CAPTURE_AUTORELEASING = YES;
				CLANG_WARN_BOOL_CONVERSION = YES;
				CLANG_WARN_COMMA = YES;
				CLANG_WARN_CONSTANT_CONVERSION = YES;
				CLANG_WARN_DEPRECATED_OBJC_IMPLEMENTATIONS = YES;
				CLANG_WARN_DIRECT_OBJC_ISA_USAGE = YES_ERROR;
				CLANG_WARN_DOCUMENTATION_COMMENTS = YES;
				CLANG_WARN_EMPTY_BODY = YES;
				CLANG_WARN_ENUM_CONVERSION = YES;
				CLANG_WARN_INFINITE_RECURSION = YES;
				CLANG_WARN_INT_CONVERSION = YES;
				CLANG_WARN_NON_LITERAL_NULL_CONVERSION = YES;
				CLANG_WARN_OBJC_IMPLICIT_RETAIN_SELF = YES;
				CLANG_WARN_OBJC_LITERAL_CONVERSION = YES;
				CLANG_WARN_OBJC_ROOT_CLASS = YES_ERROR;
				CLANG_WARN_QUOTED_INCLUDE_IN_FRAMEWORK_HEADER = YES;
				CLANG_WARN_RANGE_LOOP_ANALYSIS = YES;
				CLANG_WARN_STRICT_PROTOTYPES = YES;
				CLANG_WARN_SUSPICIOUS_MOVE = YES;
				CLANG_WARN_UNGUARDED_AVAILABILITY = YES_AGGRESSIVE;
				CLANG_WARN_UNREACHABLE_CODE = YES;
				CLANG_WARN__DUPLICATE_METHOD_MATCH = YES;
				COPY_PHASE_STRIP = NO;
				DEBUG_INFORMATION_FORMAT = dwarf;
				ENABLE_STRICT_OBJC_MSGSEND = YES;
				ENABLE_TESTABILITY = YES;
				GCC_C_LANGUAGE_STANDARD = gnu11;
				GCC_DYNAMIC_NO_PIC = NO;
				GCC_NO_COMMON_BLOCKS = YES;
				GCC_OPTIMIZATION_LEVEL = 0;
				GCC_PREPROCESSOR_DEFINITIONS = (
					"DEBUG=1",
					"$(inherited)",
				);
				GCC_WARN_64_TO_32_BIT_CONVERSION = YES;
				GCC_WARN_ABOUT_RETURN_TYPE = YES_ERROR;
				GCC_WARN_UNDECLARED_SELECTOR = YES;
				GCC_WARN_UNINITIALIZED_AUTOS = YES_AGGRESSIVE;
				GCC_WARN_UNUSED_FUNCTION = YES;
				GCC_WARN_UNUSED_VARIABLE = YES;
				IPHONEOS_DEPLOYMENT_TARGET = 15.2;
				MTL_ENABLE_DEBUG_INFO = INCLUDE_SOURCE;
				MTL_FAST_MATH = YES;
				ONLY_ACTIVE_ARCH = YES;
				SDKROOT = iphoneos;
				SWIFT_ACTIVE_COMPILATION_CONDITIONS = DEBUG;
				SWIFT_OPTIMIZATION_LEVEL = "-Onone";
			};
			name = Debug;
		};
		DF18FECA27EB783500ECCB1A /* Release */ = {
			isa = XCBuildConfiguration;
			buildSettings = {
				ALWAYS_SEARCH_USER_PATHS = NO;
				CLANG_ANALYZER_NONNULL = YES;
				CLANG_ANALYZER_NUMBER_OBJECT_CONVERSION = YES_AGGRESSIVE;
				CLANG_CXX_LANGUAGE_STANDARD = "gnu++17";
				CLANG_CXX_LIBRARY = "libc++";
				CLANG_ENABLE_MODULES = YES;
				CLANG_ENABLE_OBJC_ARC = YES;
				CLANG_ENABLE_OBJC_WEAK = YES;
				CLANG_WARN_BLOCK_CAPTURE_AUTORELEASING = YES;
				CLANG_WARN_BOOL_CONVERSION = YES;
				CLANG_WARN_COMMA = YES;
				CLANG_WARN_CONSTANT_CONVERSION = YES;
				CLANG_WARN_DEPRECATED_OBJC_IMPLEMENTATIONS = YES;
				CLANG_WARN_DIRECT_OBJC_ISA_USAGE = YES_ERROR;
				CLANG_WARN_DOCUMENTATION_COMMENTS = YES;
				CLANG_WARN_EMPTY_BODY = YES;
				CLANG_WARN_ENUM_CONVERSION = YES;
				CLANG_WARN_INFINITE_RECURSION = YES;
				CLANG_WARN_INT_CONVERSION = YES;
				CLANG_WARN_NON_LITERAL_NULL_CONVERSION = YES;
				CLANG_WARN_OBJC_IMPLICIT_RETAIN_SELF = YES;
				CLANG_WARN_OBJC_LITERAL_CONVERSION = YES;
				CLANG_WARN_OBJC_ROOT_CLASS = YES_ERROR;
				CLANG_WARN_QUOTED_INCLUDE_IN_FRAMEWORK_HEADER = YES;
				CLANG_WARN_RANGE_LOOP_ANALYSIS = YES;
				CLANG_WARN_STRICT_PROTOTYPES = YES;
				CLANG_WARN_SUSPICIOUS_MOVE = YES;
				CLANG_WARN_UNGUARDED_AVAILABILITY = YES_AGGRESSIVE;
				CLANG_WARN_UNREACHABLE_CODE = YES;
				CLANG_WARN__DUPLICATE_METHOD_MATCH = YES;
				COPY_PHASE_STRIP = NO;
				DEBUG_INFORMATION_FORMAT = "dwarf-with-dsym";
				ENABLE_NS_ASSERTIONS = NO;
				ENABLE_STRICT_OBJC_MSGSEND = YES;
				GCC_C_LANGUAGE_STANDARD = gnu11;
				GCC_NO_COMMON_BLOCKS = YES;
				GCC_WARN_64_TO_32_BIT_CONVERSION = YES;
				GCC_WARN_ABOUT_RETURN_TYPE = YES_ERROR;
				GCC_WARN_UNDECLARED_SELECTOR = YES;
				GCC_WARN_UNINITIALIZED_AUTOS = YES_AGGRESSIVE;
				GCC_WARN_UNUSED_FUNCTION = YES;
				GCC_WARN_UNUSED_VARIABLE = YES;
				IPHONEOS_DEPLOYMENT_TARGET = 15.2;
				MTL_ENABLE_DEBUG_INFO = NO;
				MTL_FAST_MATH = YES;
				SDKROOT = iphoneos;
				SWIFT_COMPILATION_MODE = wholemodule;
				SWIFT_OPTIMIZATION_LEVEL = "-O";
				VALIDATE_PRODUCT = YES;
			};
			name = Release;
		};
		DF18FECC27EB783500ECCB1A /* Debug */ = {
			isa = XCBuildConfiguration;
			buildSettings = {
				ASSETCATALOG_COMPILER_APPICON_NAME = AppIcon;
				ASSETCATALOG_COMPILER_GLOBAL_ACCENT_COLOR_NAME = AccentColor;
				CODE_SIGN_STYLE = Automatic;
				CURRENT_PROJECT_VERSION = 1;
				DEVELOPMENT_ASSET_PATHS = "\"Pokedex/Preview Content\"";
				DEVELOPMENT_TEAM = 354PQ96KS3;
				ENABLE_PREVIEWS = YES;
				GENERATE_INFOPLIST_FILE = YES;
				INFOPLIST_KEY_UIApplicationSceneManifest_Generation = YES;
				INFOPLIST_KEY_UIApplicationSupportsIndirectInputEvents = YES;
				INFOPLIST_KEY_UILaunchScreen_Generation = YES;
				INFOPLIST_KEY_UISupportedInterfaceOrientations_iPad = "UIInterfaceOrientationPortrait UIInterfaceOrientationPortraitUpsideDown UIInterfaceOrientationLandscapeLeft UIInterfaceOrientationLandscapeRight";
				INFOPLIST_KEY_UISupportedInterfaceOrientations_iPhone = "UIInterfaceOrientationPortrait UIInterfaceOrientationLandscapeLeft UIInterfaceOrientationLandscapeRight";
				LD_RUNPATH_SEARCH_PATHS = (
					"$(inherited)",
					"@executable_path/Frameworks",
				);
				MARKETING_VERSION = 1.0;
				PRODUCT_BUNDLE_IDENTIFIER = susin.matheus.Pokedex;
				PRODUCT_NAME = "$(TARGET_NAME)";
				SWIFT_EMIT_LOC_STRINGS = YES;
				SWIFT_VERSION = 5.0;
				TARGETED_DEVICE_FAMILY = "1,2";
			};
			name = Debug;
		};
		DF18FECD27EB783500ECCB1A /* Release */ = {
			isa = XCBuildConfiguration;
			buildSettings = {
				ASSETCATALOG_COMPILER_APPICON_NAME = AppIcon;
				ASSETCATALOG_COMPILER_GLOBAL_ACCENT_COLOR_NAME = AccentColor;
				CODE_SIGN_STYLE = Automatic;
				CURRENT_PROJECT_VERSION = 1;
				DEVELOPMENT_ASSET_PATHS = "\"Pokedex/Preview Content\"";
				DEVELOPMENT_TEAM = 354PQ96KS3;
				ENABLE_PREVIEWS = YES;
				GENERATE_INFOPLIST_FILE = YES;
				INFOPLIST_KEY_UIApplicationSceneManifest_Generation = YES;
				INFOPLIST_KEY_UIApplicationSupportsIndirectInputEvents = YES;
				INFOPLIST_KEY_UILaunchScreen_Generation = YES;
				INFOPLIST_KEY_UISupportedInterfaceOrientations_iPad = "UIInterfaceOrientationPortrait UIInterfaceOrientationPortraitUpsideDown UIInterfaceOrientationLandscapeLeft UIInterfaceOrientationLandscapeRight";
				INFOPLIST_KEY_UISupportedInterfaceOrientations_iPhone = "UIInterfaceOrientationPortrait UIInterfaceOrientationLandscapeLeft UIInterfaceOrientationLandscapeRight";
				LD_RUNPATH_SEARCH_PATHS = (
					"$(inherited)",
					"@executable_path/Frameworks",
				);
				MARKETING_VERSION = 1.0;
				PRODUCT_BUNDLE_IDENTIFIER = susin.matheus.Pokedex;
				PRODUCT_NAME = "$(TARGET_NAME)";
				SWIFT_EMIT_LOC_STRINGS = YES;
				SWIFT_VERSION = 5.0;
				TARGETED_DEVICE_FAMILY = "1,2";
			};
			name = Release;
		};
		DF18FECF27EB783500ECCB1A /* Debug */ = {
			isa = XCBuildConfiguration;
			buildSettings = {
				ALWAYS_EMBED_SWIFT_STANDARD_LIBRARIES = YES;
				BUNDLE_LOADER = "$(TEST_HOST)";
				CODE_SIGN_STYLE = Automatic;
				CURRENT_PROJECT_VERSION = 1;
				DEVELOPMENT_TEAM = 354PQ96KS3;
				GENERATE_INFOPLIST_FILE = YES;
				IPHONEOS_DEPLOYMENT_TARGET = 15.2;
				MARKETING_VERSION = 1.0;
				PRODUCT_BUNDLE_IDENTIFIER = susin.matheus.PokedexTests;
				PRODUCT_NAME = "$(TARGET_NAME)";
				SWIFT_EMIT_LOC_STRINGS = NO;
				SWIFT_VERSION = 5.0;
				TARGETED_DEVICE_FAMILY = "1,2";
				TEST_HOST = "$(BUILT_PRODUCTS_DIR)/Pokedex.app/Pokedex";
			};
			name = Debug;
		};
		DF18FED027EB783500ECCB1A /* Release */ = {
			isa = XCBuildConfiguration;
			buildSettings = {
				ALWAYS_EMBED_SWIFT_STANDARD_LIBRARIES = YES;
				BUNDLE_LOADER = "$(TEST_HOST)";
				CODE_SIGN_STYLE = Automatic;
				CURRENT_PROJECT_VERSION = 1;
				DEVELOPMENT_TEAM = 354PQ96KS3;
				GENERATE_INFOPLIST_FILE = YES;
				IPHONEOS_DEPLOYMENT_TARGET = 15.2;
				MARKETING_VERSION = 1.0;
				PRODUCT_BUNDLE_IDENTIFIER = susin.matheus.PokedexTests;
				PRODUCT_NAME = "$(TARGET_NAME)";
				SWIFT_EMIT_LOC_STRINGS = NO;
				SWIFT_VERSION = 5.0;
				TARGETED_DEVICE_FAMILY = "1,2";
				TEST_HOST = "$(BUILT_PRODUCTS_DIR)/Pokedex.app/Pokedex";
			};
			name = Release;
		};
		DF18FED227EB783500ECCB1A /* Debug */ = {
			isa = XCBuildConfiguration;
			buildSettings = {
				ALWAYS_EMBED_SWIFT_STANDARD_LIBRARIES = YES;
				CODE_SIGN_STYLE = Automatic;
				CURRENT_PROJECT_VERSION = 1;
				DEVELOPMENT_TEAM = 354PQ96KS3;
				GENERATE_INFOPLIST_FILE = YES;
				MARKETING_VERSION = 1.0;
				PRODUCT_BUNDLE_IDENTIFIER = susin.matheus.PokedexUITests;
				PRODUCT_NAME = "$(TARGET_NAME)";
				SWIFT_EMIT_LOC_STRINGS = NO;
				SWIFT_VERSION = 5.0;
				TARGETED_DEVICE_FAMILY = "1,2";
				TEST_TARGET_NAME = Pokedex;
			};
			name = Debug;
		};
		DF18FED327EB783500ECCB1A /* Release */ = {
			isa = XCBuildConfiguration;
			buildSettings = {
				ALWAYS_EMBED_SWIFT_STANDARD_LIBRARIES = YES;
				CODE_SIGN_STYLE = Automatic;
				CURRENT_PROJECT_VERSION = 1;
				DEVELOPMENT_TEAM = 354PQ96KS3;
				GENERATE_INFOPLIST_FILE = YES;
				MARKETING_VERSION = 1.0;
				PRODUCT_BUNDLE_IDENTIFIER = susin.matheus.PokedexUITests;
				PRODUCT_NAME = "$(TARGET_NAME)";
				SWIFT_EMIT_LOC_STRINGS = NO;
				SWIFT_VERSION = 5.0;
				TARGETED_DEVICE_FAMILY = "1,2";
				TEST_TARGET_NAME = Pokedex;
			};
			name = Release;
		};
/* End XCBuildConfiguration section */

/* Begin XCConfigurationList section */
		DF18FEA227EB783200ECCB1A /* Build configuration list for PBXProject "Pokedex" */ = {
			isa = XCConfigurationList;
			buildConfigurations = (
				DF18FEC927EB783500ECCB1A /* Debug */,
				DF18FECA27EB783500ECCB1A /* Release */,
			);
			defaultConfigurationIsVisible = 0;
			defaultConfigurationName = Release;
		};
		DF18FECB27EB783500ECCB1A /* Build configuration list for PBXNativeTarget "Pokedex" */ = {
			isa = XCConfigurationList;
			buildConfigurations = (
				DF18FECC27EB783500ECCB1A /* Debug */,
				DF18FECD27EB783500ECCB1A /* Release */,
			);
			defaultConfigurationIsVisible = 0;
			defaultConfigurationName = Release;
		};
		DF18FECE27EB783500ECCB1A /* Build configuration list for PBXNativeTarget "PokedexTests" */ = {
			isa = XCConfigurationList;
			buildConfigurations = (
				DF18FECF27EB783500ECCB1A /* Debug */,
				DF18FED027EB783500ECCB1A /* Release */,
			);
			defaultConfigurationIsVisible = 0;
			defaultConfigurationName = Release;
		};
		DF18FED127EB783500ECCB1A /* Build configuration list for PBXNativeTarget "PokedexUITests" */ = {
			isa = XCConfigurationList;
			buildConfigurations = (
				DF18FED227EB783500ECCB1A /* Debug */,
				DF18FED327EB783500ECCB1A /* Release */,
			);
			defaultConfigurationIsVisible = 0;
			defaultConfigurationName = Release;
		};
/* End XCConfigurationList section */
	};
	rootObject = DF18FE9F27EB783100ECCB1A /* Project object */;
}
